
Microsoft Visual Studio Solution File, Format Version 12.00
# Visual Studio Version 16
VisualStudioVersion = 16.0.28803.352
MinimumVisualStudioVersion = 10.0.40219.1
Project("{FAE04EC0-301F-11D3-BF4B-00C04F79EFBC}") = "WeatherApp", "WeatherApp.csproj", "{C06FD095-1D45-47DB-9941-8D3B31F359CA}"
EndProject
Global
	GlobalSection(SolutionConfigurationPlatforms) = preSolution
		Debug|Any CPU = Debug|Any CPU
		Release|Any CPU = Release|Any CPU
	EndGlobalSection
	GlobalSection(ProjectConfigurationPlatforms) = postSolution
		{C06FD095-1D45-47DB-9941-8D3B31F359CA}.Debug|Any CPU.ActiveCfg = Debug|Any CPU
		{C06FD095-1D45-47DB-9941-8D3B31F359CA}.Debug|Any CPU.Build.0 = Debug|Any CPU
		{C06FD095-1D45-47DB-9941-8D3B31F359CA}.Release|Any CPU.ActiveCfg = Release|Any CPU
		{C06FD095-1D45-47DB-9941-8D3B31F359CA}.Release|Any CPU.Build.0 = Release|Any CPU
	EndGlobalSection
	GlobalSection(SolutionProperties) = preSolution
		HideSolutionNode = FALSE
	EndGlobalSection
	GlobalSection(ExtensibilityGlobals) = postSolution
		SolutionGuid = {5DD8F9F2-0C25-4D08-A157-9A7FC8ACB74D}
	EndGlobalSection
EndGlobal
